lockfileVersion: '6.0'

settings:
  autoInstallPeers: true
  excludeLinksFromLockfile: false

devDependencies:
  turbo:
    specifier: ^1.9.4
    version: 1.9.4

packages:

  /turbo-darwin-64@1.9.4:
    resolution: {integrity: sha512-kCmDmxyUWWI+BstTZQKNM87UbNx40C0ZHUTFqs9tmeH7d5+gA2QhqrSoBuwQYw7YYNLpbkqu1ObbppsUlIFPdQ==}
    cpu: [x64]
    os: [darwin]
    requiresBuild: true
    dev: true
    optional: true

  /turbo-darwin-arm64@1.9.4:
    resolution: {integrity: sha512-Of64jMEaDDHx0dzU7RwdOuh1lP021vtQun9wmEHhT0Hk/TQF+kDCywoHcY7R5nlSRcssFjysVyhCeZW6CkWrrA==}
    cpu: [arm64]
    os: [darwin]
    requiresBuild: true
    dev: true
    optional: true

  /turbo-linux-64@1.9.4:
    resolution: {integrity: sha512-kajvUnXlUNtgVzLW3Y/RoHrC64G+G0Ky/o1F+oP6QK/T85H8NwNHXq2F6hyIrZPNGbKpPgpetuQ1waIibxJ0rA==}
    cpu: [x64]
    os: [linux]
    requiresBuild: true
    dev: true
    optional: true

  /turbo-linux-arm64@1.9.4:
    resolution: {integrity: sha512-11P9Y8MoimqUzib3SU3md4g1loLF0FRHpYCbPzUTWPT3beOcdM2nop2u/yFHyBnbSxz1rTWczRJPnNoAki0B/Q==}
    cpu: [arm64]
    os: [linux]
    requiresBuild: true
    dev: true
    optional: true

  /turbo-windows-64@1.9.4:
    resolution: {integrity: sha512-2tFcFhuqs1c1DGFAk2wjU0TXrOXKoPdma9vxrTVdwvtz5Nc8XPF8RNW+1jbmRjpumGUkXou6Pe973GSvPjvD5w==}
    cpu: [x64]
    os: [win32]
    requiresBuild: true
    dev: true
    optional: true

  /turbo-windows-arm64@1.9.4:
    resolution: {integrity: sha512-wJfEwUyWXxn6VKD2Vbycke6cm99gJ0llkr9gUnbR06eaRu1TiLY24FcFqN95/wftp0n5nne7b6K7Wz1TLh1fJQ==}
    cpu: [arm64]
    os: [win32]
    requiresBuild: true
    dev: true
    optional: true

  /turbo@1.9.4:
    resolution: {integrity: sha512-PqhlMCmu6sOqcVswt1tYL0TV/O0uQ8kUZWfmlEl0EHPusc2R3nzg7KVXrZbXTHXzQH5HE2oJm9iUI0mYz31i7Q==}
    deprecated: File hashing without git has a significant correctness issue.
    hasBin: true
    requiresBuild: true
    optionalDependencies:
      turbo-darwin-64: 1.9.4
      turbo-darwin-arm64: 1.9.4
      turbo-linux-64: 1.9.4
      turbo-linux-arm64: 1.9.4
      turbo-windows-64: 1.9.4
      turbo-windows-arm64: 1.9.4
    dev: true
